
Microsoft Visual Studio Solution File, Format Version 12.00
Project("{FAE04EC0-301F-11D3-BF4B-00C04F79EFBC}") = "gyak02", "gyak02\gyak02.csproj", "{E035BF29-3087-4999-AF3E-3C8DD2BD4931}"
EndProject
Project("{FAE04EC0-301F-11D3-BF4B-00C04F79EFBC}") = "gyak02_02", "gyak02_02\gyak02_02.csproj", "{98B8F69C-183D-439E-9D89-6D21498505C1}"
EndProject
Project("{FAE04EC0-301F-11D3-BF4B-00C04F79EFBC}") = "gyak02_3", "gyak02_3\gyak02_3.csproj", "{FEA11355-FA06-4CFB-A731-3B2A10855471}"
EndProject
Project("{FAE04EC0-301F-11D3-BF4B-00C04F79EFBC}") = "oraimunka", "oraimunka\oraimunka.csproj", "{37C40CC4-14AA-42DD-B520-164CE45474E9}"
EndProject
Global
	GlobalSection(SolutionConfigurationPlatforms) = preSolution
		Debug|Any CPU = Debug|Any CPU
		Release|Any CPU = Release|Any CPU
	EndGlobalSection
	GlobalSection(ProjectConfigurationPlatforms) = postSolution
		{E035BF29-3087-4999-AF3E-3C8DD2BD4931}.Debug|Any CPU.ActiveCfg = Debug|Any CPU
		{E035BF29-3087-4999-AF3E-3C8DD2BD4931}.Debug|Any CPU.Build.0 = Debug|Any CPU
		{E035BF29-3087-4999-AF3E-3C8DD2BD4931}.Release|Any CPU.ActiveCfg = Release|Any CPU
		{E035BF29-3087-4999-AF3E-3C8DD2BD4931}.Release|Any CPU.Build.0 = Release|Any CPU
		{98B8F69C-183D-439E-9D89-6D21498505C1}.Debug|Any CPU.ActiveCfg = Debug|Any CPU
		{98B8F69C-183D-439E-9D89-6D21498505C1}.Debug|Any CPU.Build.0 = Debug|Any CPU
		{98B8F69C-183D-439E-9D89-6D21498505C1}.Release|Any CPU.ActiveCfg = Release|Any CPU
		{98B8F69C-183D-439E-9D89-6D21498505C1}.Release|Any CPU.Build.0 = Release|Any CPU
		{FEA11355-FA06-4CFB-A731-3B2A10855471}.Debug|Any CPU.ActiveCfg = Debug|Any CPU
		{FEA11355-FA06-4CFB-A731-3B2A10855471}.Debug|Any CPU.Build.0 = Debug|Any CPU
		{FEA11355-FA06-4CFB-A731-3B2A10855471}.Release|Any CPU.ActiveCfg = Release|Any CPU
		{FEA11355-FA06-4CFB-A731-3B2A10855471}.Release|Any CPU.Build.0 = Release|Any CPU
		{37C40CC4-14AA-42DD-B520-164CE45474E9}.Debug|Any CPU.ActiveCfg = Debug|Any CPU
		{37C40CC4-14AA-42DD-B520-164CE45474E9}.Debug|Any CPU.Build.0 = Debug|Any CPU
		{37C40CC4-14AA-42DD-B520-164CE45474E9}.Release|Any CPU.ActiveCfg = Release|Any CPU
		{37C40CC4-14AA-42DD-B520-164CE45474E9}.Release|Any CPU.Build.0 = Release|Any CPU
	EndGlobalSection
EndGlobal
